// !$*UTF8*$!
{
	archiveVersion = 1;
	classes = {
	};
	objectVersion = 50;
	objects = {

/* Begin PBXBuildFile section */
		609E386B8AC9273D4A9130B3 /* libPods-MVVMExample.a in Frameworks */ = {isa = PBXBuildFile; fileRef = CC805CD1475602098757AE52 /* libPods-MVVMExample.a */; };
		8150F3F221E5D31E00222A63 /* AppDelegate.m in Sources */ = {isa = PBXBuildFile; fileRef = 8150F3F121E5D31E00222A63 /* AppDelegate.m */; };
		8150F3F521E5D31E00222A63 /* LoginViewController.m in Sources */ = {isa = PBXBuildFile; fileRef = 8150F3F421E5D31E00222A63 /* LoginViewController.m */; };
		8150F3FA21E5D32100222A63 /* Assets.xcassets in Resources */ = {isa = PBXBuildFile; fileRef = 8150F3F921E5D32100222A63 /* Assets.xcassets */; };
		8150F3FD21E5D32100222A63 /* LaunchScreen.storyboard in Resources */ = {isa = PBXBuildFile; fileRef = 8150F3FB21E5D32100222A63 /* LaunchScreen.storyboard */; };
		8150F40021E5D32100222A63 /* main.m in Sources */ = {isa = PBXBuildFile; fileRef = 8150F3FF21E5D32100222A63 /* main.m */; };
		8150F40721E5D4EB00222A63 /* Podfile in Resources */ = {isa = PBXBuildFile; fileRef = 8150F40621E5D4EB00222A63 /* Podfile */; };
		8150F40A21E5D69A00222A63 /* BizStyle.m in Sources */ = {isa = PBXBuildFile; fileRef = 8150F40921E5D69A00222A63 /* BizStyle.m */; };
		8150F40D21E5D81800222A63 /* LoginViewModel.m in Sources */ = {isa = PBXBuildFile; fileRef = 8150F40C21E5D81800222A63 /* LoginViewModel.m */; };
		8150F41021E5DCE000222A63 /* BizPtContext.m in Sources */ = {isa = PBXBuildFile; fileRef = 8150F40F21E5DCE000222A63 /* BizPtContext.m */; };
/* End PBXBuildFile section */

/* Begin PBXFileReference section */
		8150F3ED21E5D31E00222A63 /* MVVMExample.app */ = {isa = PBXFileReference; explicitFileType = wrapper.application; includeInIndex = 0; path = MVVMExample.app; sourceTree = BUILT_PRODUCTS_DIR; };
		8150F3F021E5D31E00222A63 /* AppDelegate.h */ = {isa = PBXFileReference; lastKnownFileType = sourcecode.c.h; path = AppDelegate.h; sourceTree = "<group>"; };
		8150F3F121E5D31E00222A63 /* AppDelegate.m */ = {isa = PBXFileReference; lastKnownFileType = sourcecode.c.objc; path = AppDelegate.m; sourceTree = "<group>"; };
		8150F3F321E5D31E00222A63 /* LoginViewController.h */ = {isa = PBXFileReference; lastKnownFileType = sourcecode.c.h; path = LoginViewController.h; sourceTree = "<group>"; };
		8150F3F421E5D31E00222A63 /* LoginViewController.m */ = {isa = PBXFileReference; lastKnownFileType = sourcecode.c.objc; path = LoginViewController.m; sourceTree = "<group>"; };
		8150F3F921E5D32100222A63 /* Assets.xcassets */ = {isa = PBXFileReference; lastKnownFileType = folder.assetcatalog; path = Assets.xcassets; sourceTree = "<group>"; };
		8150F3FC21E5D32100222A63 /* Base */ = {isa = PBXFileReference; lastKnownFileType = file.storyboard; name = Base; path = Base.lproj/LaunchScreen.storyboard; sourceTree = "<group>"; };
		8150F3FE21E5D32100222A63 /* Info.plist */ = {isa = PBXFileReference; lastKnownFileType = text.plist.xml; path = Info.plist; sourceTree = "<group>"; };
		8150F3FF21E5D32100222A63 /* main.m */ = {isa = PBXFileReference; lastKnownFileType = sourcecode.c.objc; path = main.m; sourceTree = "<group>"; };
		8150F40621E5D4EB00222A63 /* Podfile */ = {isa = PBXFileReference; fileEncoding = 4; lastKnownFileType = text; path = Podfile; sourceTree = SOURCE_ROOT; xcLanguageSpecificationIdentifier = xcode.lang.ruby; };
		8150F40821E5D69A00222A63 /* BizStyle.h */ = {isa = PBXFileReference; lastKnownFileType = sourcecode.c.h; path = BizStyle.h; sourceTree = "<group>"; };
		8150F40921E5D69A00222A63 /* BizStyle.m */ = {isa = PBXFileReference; lastKnownFileType = sourcecode.c.objc; path = BizStyle.m; sourceTree = "<group>"; };
		8150F40B21E5D81800222A63 /* LoginViewModel.h */ = {isa = PBXFileReference; lastKnownFileType = sourcecode.c.h; path = LoginViewModel.h; sourceTree = "<group>"; };
		8150F40C21E5D81800222A63 /* LoginViewModel.m */ = {isa = PBXFileReference; lastKnownFileType = sourcecode.c.objc; path = LoginViewModel.m; sourceTree = "<group>"; };
		8150F40E21E5DCE000222A63 /* BizPtContext.h */ = {isa = PBXFileReference; lastKnownFileType = sourcecode.c.h; path = BizPtContext.h; sourceTree = "<group>"; };
		8150F40F21E5DCE000222A63 /* BizPtContext.m */ = {isa = PBXFileReference; lastKnownFileType = sourcecode.c.objc; path = BizPtContext.m; sourceTree = "<group>"; };
		CC805CD1475602098757AE52 /* libPods-MVVMExample.a */ = {isa = PBXFileReference; explicitFileType = archive.ar; includeInIndex = 0; path = "libPods-MVVMExample.a"; sourceTree = BUILT_PRODUCTS_DIR; };
/* End PBXFileReference section */

/* Begin PBXFrameworksBuildPhase section */
		8150F3EA21E5D31E00222A63 /* Frameworks */ = {
			isa = PBXFrameworksBuildPhase;
			buildActionMask = 2147483647;
			files = (
				609E386B8AC9273D4A9130B3 /* libPods-MVVMExample.a in Frameworks */,
			);
			runOnlyForDeploymentPostprocessing = 0;
		};
/* End PBXFrameworksBuildPhase section */

/* Begin PBXGroup section */
		8150F3E421E5D31E00222A63 = {
			isa = PBXGroup;
			children = (
				8150F3EF21E5D31E00222A63 /* MVVMExample */,
				8150F3EE21E5D31E00222A63 /* Products */,
				D03E74501CE2FC00826C1289 /* Frameworks */,
			);
			sourceTree = "<group>";
		};
		8150F3EE21E5D31E00222A63 /* Products */ = {
			isa = PBXGroup;
			children = (
				8150F3ED21E5D31E00222A63 /* MVVMExample.app */,
			);
			name = Products;
			sourceTree = "<group>";
		};
		8150F3EF21E5D31E00222A63 /* MVVMExample */ = {
			isa = PBXGroup;
			children = (
				8150F40621E5D4EB00222A63 /* Podfile */,
				8150F3F021E5D31E00222A63 /* AppDelegate.h */,
				8150F3F121E5D31E00222A63 /* AppDelegate.m */,
				8150F3F321E5D31E00222A63 /* LoginViewController.h */,
				8150F3F421E5D31E00222A63 /* LoginViewController.m */,
				8150F40B21E5D81800222A63 /* LoginViewModel.h */,
				8150F40C21E5D81800222A63 /* LoginViewModel.m */,
				8150F3F921E5D32100222A63 /* Assets.xcassets */,
				8150F3FB21E5D32100222A63 /* LaunchScreen.storyboard */,
				8150F3FE21E5D32100222A63 /* Info.plist */,
				8150F3FF21E5D32100222A63 /* main.m */,
				8150F40821E5D69A00222A63 /* BizStyle.h */,
				8150F40921E5D69A00222A63 /* BizStyle.m */,
				8150F40E21E5DCE000222A63 /* BizPtContext.h */,
				8150F40F21E5DCE000222A63 /* BizPtContext.m */,
			);
			path = MVVMExample;
			sourceTree = "<group>";
		};
		D03E74501CE2FC00826C1289 /* Frameworks */ = {
			isa = PBXGroup;
			children = (
				CC805CD1475602098757AE52 /* libPods-MVVMExample.a */,
			);
			name = Frameworks;
			sourceTree = "<group>";
		};
/* End PBXGroup section */

/* Begin PBXNativeTarget section */
		8150F3EC21E5D31E00222A63 /* MVVMExample */ = {
			isa = PBXNativeTarget;
			buildConfigurationList = 8150F40321E5D32100222A63 /* Build configuration list for PBXNativeTarget "MVVMExample" */;
			buildPhases = (
				E4DF38EF6B4060C7525FF98D /* [CP] Check Pods Manifest.lock */,
				8150F3E921E5D31E00222A63 /* Sources */,
				8150F3EA21E5D31E00222A63 /* Frameworks */,
				8150F3EB21E5D31E00222A63 /* Resources */,
				330CFC833DC7325187523A14 /* [CP] Copy Pods Resources */,
			);
			buildRules = (
			);
			dependencies = (
			);
			name = MVVMExample;
			productName = MVVMExample;
			productReference = 8150F3ED21E5D31E00222A63 /* MVVMExample.app */;
			productType = "com.apple.product-type.application";
		};
/* End PBXNativeTarget section */

/* Begin PBXProject section */
		8150F3E521E5D31E00222A63 /* Project object */ = {
			isa = PBXProject;
			attributes = {
				LastUpgradeCheck = 1010;
				ORGANIZATIONNAME = chenxiaosong;
				TargetAttributes = {
					8150F3EC21E5D31E00222A63 = {
						CreatedOnToolsVersion = 10.1;
					};
				};
			};
			buildConfigurationList = 8150F3E821E5D31E00222A63 /* Build configuration list for PBXProject "MVVMExample" */;
			compatibilityVersion = "Xcode 9.3";
			developmentRegion = en;
			hasScannedForEncodings = 0;
			knownRegions = (
				en,
				Base,
			);
			mainGroup = 8150F3E421E5D31E00222A63;
			productRefGroup = 8150F3EE21E5D31E00222A63 /* Products */;
			projectDirPath = "";
			projectRoot = "";
			targets = (
				8150F3EC21E5D31E00222A63 /* MVVMExample */,
			);
		};
/* End PBXProject section */

/* Begin PBXResourcesBuildPhase section */
		8150F3EB21E5D31E00222A63 /* Resources */ = {
			isa = PBXResourcesBuildPhase;
			buildActionMask = 2147483647;
			files = (
				8150F40721E5D4EB00222A63 /* Podfile in Resources */,
				8150F3FD21E5D32100222A63 /* LaunchScreen.storyboard in Resources */,
				8150F3FA21E5D32100222A63 /* Assets.xcassets in Resources */,
			);
			runOnlyForDeploymentPostprocessing = 0;
		};
/* End PBXResourcesBuildPhase section */

/* Begin PBXShellScriptBuildPhase section */
		330CFC833DC7325187523A14 /* [CP] Copy Pods Resources */ = {
			isa = PBXShellScriptBuildPhase;
			buildActionMask = 2147483647;
			files = (
			);
			inputFileListPaths = (
			);
			inputPaths = (
				"${PODS_ROOT}/Target Support Files/Pods-MVVMExample/Pods-MVVMExample-resources.sh",
				"${PODS_ROOT}/MJRefresh/MJRefresh/MJRefresh.bundle",
			);
			name = "[CP] Copy Pods Resources";
			outputFileListPaths = (
			);
			outputPaths = (
				"${TARGET_BUILD_DIR}/${UNLOCALIZED_RESOURCES_FOLDER_PATH}/MJRefresh.bundle",
			);
			runOnlyForDeploymentPostprocessing = 0;
			shellPath = /bin/sh;
			shellScript = "\"${PODS_ROOT}/Target Support Files/Pods-MVVMExample/Pods-MVVMExample-resources.sh\"\n";
			showEnvVarsInLog = 0;
		};
		E4DF38EF6B4060C7525FF98D /* [CP] Check Pods Manifest.lock */ = {
			isa = PBXShellScriptBuildPhase;
			buildActionMask = 2147483647;
			files = (
			);
			inputFileListPaths = (
			);
			inputPaths = (
				"${PODS_PODFILE_DIR_PATH}/Podfile.lock",
				"${PODS_ROOT}/Manifest.lock",
			);
			name = "[CP] Check Pods Manifest.lock";
			outputFileListPaths = (
			);
			outputPaths = (
				"$(DERIVED_FILE_DIR)/Pods-MVVMExample-checkManifestLockResult.txt",
			);
			runOnlyForDeploymentPostprocessing = 0;
			shellPath = /bin/sh;
			shellScript = "diff \"${PODS_PODFILE_DIR_PATH}/Podfile.lock\" \"${PODS_ROOT}/Manifest.lock\" > /dev/null\nif [ $? != 0 ] ; then\n    # print error to STDERR\n    echo \"error: The sandbox is not in sync with the Podfile.lock. Run 'pod install' or update your CocoaPods installation.\" >&2\n    exit 1\nfi\n# This output is used by Xcode 'outputs' to avoid re-running this script phase.\necho \"SUCCESS\" > \"${SCRIPT_OUTPUT_FILE_0}\"\n";
			showEnvVarsInLog = 0;
		};
/* End PBXShellScriptBuildPhase section */

/* Begin PBXSourcesBuildPhase section */
		8150F3E921E5D31E00222A63 /* Sources */ = {
			isa = PBXSourcesBuildPhase;
			buildActionMask = 2147483647;
			files = (
				8150F3F521E5D31E00222A63 /* LoginViewController.m in Sources */,
				8150F40021E5D32100222A63 /* main.m in Sources */,
				8150F3F221E5D31E00222A63 /* AppDelegate.m in Sources */,
				8150F40D21E5D81800222A63 /* LoginViewModel.m in Sources */,
				8150F40A21E5D69A00222A63 /* BizStyle.m in Sources */,
				8150F41021E5DCE000222A63 /* BizPtContext.m in Sources */,
			);
			runOnlyForDeploymentPostprocessing = 0;
		};
/* End PBXSourcesBuildPhase section */

/* Begin PBXVariantGroup section */
		8150F3FB21E5D32100222A63 /* LaunchScreen.storyboard */ = {
			isa = PBXVariantGroup;
			children = (
				8150F3FC21E5D32100222A63 /* Base */,
			);
			name = LaunchScreen.storyboard;
			sourceTree = "<group>";
		};
/* End PBXVariantGroup section */

/* Begin XCBuildConfiguration section */
		8150F40121E5D32100222A63 /* Debug */ = {
			isa = XCBuildConfiguration;
			buildSettings = {
				ALWAYS_SEARCH_USER_PATHS = NO;
				CLANG_ANALYZER_NONNULL = YES;
				CLANG_ANALYZER_NUMBER_OBJECT_CONVERSION = YES_AGGRESSIVE;
				CLANG_CXX_LANGUAGE_STANDARD = "gnu++14";
				CLANG_CXX_LIBRARY = "libc++";
				CLANG_ENABLE_MODULES = YES;
				CLANG_ENABLE_OBJC_ARC = YES;
				CLANG_ENABLE_OBJC_WEAK = YES;
				CLANG_WARN_BLOCK_CAPTURE_AUTORELEASING = YES;
				CLANG_WARN_BOOL_CONVERSION = YES;
				CLANG_WARN_COMMA = YES;
				CLANG_WARN_CONSTANT_CONVERSION = YES;
				CLANG_WARN_DEPRECATED_OBJC_IMPLEMENTATIONS = YES;
				CLANG_WARN_DIRECT_OBJC_ISA_USAGE = YES_ERROR;
				CLANG_WARN_DOCUMENTATION_COMMENTS = YES;
				CLANG_WARN_EMPTY_BODY = YES;
				CLANG_WARN_ENUM_CONVERSION = YES;
				CLANG_WARN_INFINITE_RECURSION = YES;
				CLANG_WARN_INT_CONVERSION = YES;
				CLANG_WARN_NON_LITERAL_NULL_CONVERSION = YES;
				CLANG_WARN_OBJC_IMPLICIT_RETAIN_SELF = YES;
				CLANG_WARN_OBJC_LITERAL_CONVERSION = YES;
				CLANG_WARN_OBJC_ROOT_CLASS = YES_ERROR;
				CLANG_WARN_RANGE_LOOP_ANALYSIS = YES;
				CLANG_WARN_STRICT_PROTOTYPES = YES;
				CLANG_WARN_SUSPICIOUS_MOVE = YES;
				CLANG_WARN_UNGUARDED_AVAILABILITY = YES_AGGRESSIVE;
				CLANG_WARN_UNREACHABLE_CODE = YES;
				CLANG_WARN__DUPLICATE_METHOD_MATCH = YES;
				CODE_SIGN_IDENTITY = "iPhone Developer";
				COPY_PHASE_STRIP = NO;
				DEBUG_INFORMATION_FORMAT = dwarf;
				ENABLE_STRICT_OBJC_MSGSEND = YES;
				ENABLE_TESTABILITY = YES;
				GCC_C_LANGUAGE_STANDARD = gnu11;
				GCC_DYNAMIC_NO_PIC = NO;
				GCC_NO_COMMON_BLOCKS = YES;
				GCC_OPTIMIZATION_LEVEL = 0;
				GCC_PREPROCESSOR_DEFINITIONS = (
					"DEBUG=1",
					"$(inherited)",
				);
				GCC_WARN_64_TO_32_BIT_CONVERSION = YES;
				GCC_WARN_ABOUT_RETURN_TYPE = YES_ERROR;
				GCC_WARN_UNDECLARED_SELECTOR = YES;
				GCC_WARN_UNINITIALIZED_AUTOS = YES_AGGRESSIVE;
				GCC_WARN_UNUSED_FUNCTION = YES;
				GCC_WARN_UNUSED_VARIABLE = YES;
				IPHONEOS_DEPLOYMENT_TARGET = 12.1;
				MTL_ENABLE_DEBUG_INFO = INCLUDE_SOURCE;
				MTL_FAST_MATH = YES;
				ONLY_ACTIVE_ARCH = YES;
				SDKROOT = iphoneos;
			};
			name = Debug;
		};
		8150F40221E5D32100222A63 /* Release */ = {
			isa = XCBuildConfiguration;
			buildSettings = {
				ALWAYS_SEARCH_USER_PATHS = NO;
				CLANG_ANALYZER_NONNULL = YES;
				CLANG_ANALYZER_NUMBER_OBJECT_CONVERSION = YES_AGGRESSIVE;
				CLANG_CXX_LANGUAGE_STANDARD = "gnu++14";
				CLANG_CXX_LIBRARY = "libc++";
				CLANG_ENABLE_MODULES = YES;
				CLANG_ENABLE_OBJC_ARC = YES;
				CLANG_ENABLE_OBJC_WEAK = YES;
				CLANG_WARN_BLOCK_CAPTURE_AUTORELEASING = YES;
				CLANG_WARN_BOOL_CONVERSION = YES;
				CLANG_WARN_COMMA = YES;
				CLANG_WARN_CONSTANT_CONVERSION = YES;
				CLANG_WARN_DEPRECATED_OBJC_IMPLEMENTATIONS = YES;
				CLANG_WARN_DIRECT_OBJC_ISA_USAGE = YES_ERROR;
				CLANG_WARN_DOCUMENTATION_COMMENTS = YES;
				CLANG_WARN_EMPTY_BODY = YES;
				CLANG_WARN_ENUM_CONVERSION = YES;
				CLANG_WARN_INFINITE_RECURSION = YES;
				CLANG_WARN_INT_CONVERSION = YES;
				CLANG_WARN_NON_LITERAL_NULL_CONVERSION = YES;
				CLANG_WARN_OBJC_IMPLICIT_RETAIN_SELF = YES;
				CLANG_WARN_OBJC_LITERAL_CONVERSION = YES;
				CLANG_WARN_OBJC_ROOT_CLASS = YES_ERROR;
				CLANG_WARN_RANGE_LOOP_ANALYSIS = YES;
				CLANG_WARN_STRICT_PROTOTYPES = YES;
				CLANG_WARN_SUSPICIOUS_MOVE = YES;
				CLANG_WARN_UNGUARDED_AVAILABILITY = YES_AGGRESSIVE;
				CLANG_WARN_UNREACHABLE_CODE = YES;
				CLANG_WARN__DUPLICATE_METHOD_MATCH = YES;
				CODE_SIGN_IDENTITY = "iPhone Developer";
				COPY_PHASE_STRIP = NO;
				DEBUG_INFORMATION_FORMAT = "dwarf-with-dsym";
				ENABLE_NS_ASSERTIONS = NO;
				ENABLE_STRICT_OBJC_MSGSEND = YES;
				GCC_C_LANGUAGE_STANDARD = gnu11;
				GCC_NO_COMMON_BLOCKS = YES;
				GCC_WARN_64_TO_32_BIT_CONVERSION = YES;
				GCC_WARN_ABOUT_RETURN_TYPE = YES_ERROR;
				GCC_WARN_UNDECLARED_SELECTOR = YES;
				GCC_WARN_UNINITIALIZED_AUTOS = YES_AGGRESSIVE;
				GCC_WARN_UNUSED_FUNCTION = YES;
				GCC_WARN_UNUSED_VARIABLE = YES;
				IPHONEOS_DEPLOYMENT_TARGET = 12.1;
				MTL_ENABLE_DEBUG_INFO = NO;
				MTL_FAST_MATH = YES;
				SDKROOT = iphoneos;
				VALIDATE_PRODUCT = YES;
			};
			name = Release;
		};
		8150F40421E5D32100222A63 /* Debug */ = {
			isa = XCBuildConfiguration;
			buildSettings = {
				ASSETCATALOG_COMPILER_APPICON_NAME = AppIcon;
				CODE_SIGN_STYLE = Automatic;
				DEVELOPMENT_TEAM = 28Z3NQ8CYP;
				INFOPLIST_FILE = MVVMExample/Info.plist;
				LD_RUNPATH_SEARCH_PATHS = (
					"$(inherited)",
					"@executable_path/Frameworks",
				);
				PRODUCT_BUNDLE_IDENTIFIER = com.zhitian.MVVMExample;
				PRODUCT_NAME = "$(TARGET_NAME)";
				TARGETED_DEVICE_FAMILY = "1,2";
			};
			name = Debug;
		};
		8150F40521E5D32100222A63 /* Release */ = {
			isa = XCBuildConfiguration;
			buildSettings = {
				ASSETCATALOG_COMPILER_APPICON_NAME = AppIcon;
				CODE_SIGN_STYLE = Automatic;
				DEVELOPMENT_TEAM = 28Z3NQ8CYP;
				INFOPLIST_FILE = MVVMExample/Info.plist;
				LD_RUNPATH_SEARCH_PATHS = (
					"$(inherited)",
					"@executable_path/Frameworks",
				);
				PRODUCT_BUNDLE_IDENTIFIER = com.zhitian.MVVMExample;
				PRODUCT_NAME = "$(TARGET_NAME)";
				TARGETED_DEVICE_FAMILY = "1,2";
			};
			name = Release;
		};
/* End XCBuildConfiguration section */

/* Begin XCConfigurationList section */
		8150F3E821E5D31E00222A63 /* Build configuration list for PBXProject "MVVMExample" */ = {
			isa = XCConfigurationList;
			buildConfigurations = (
				8150F40121E5D32100222A63 /* Debug */,
				8150F40221E5D32100222A63 /* Release */,
			);
			defaultConfigurationIsVisible = 0;
			defaultConfigurationName = Release;
		};
		8150F40321E5D32100222A63 /* Build configuration list for PBXNativeTarget "MVVMExample" */ = {
			isa = XCConfigurationList;
			buildConfigurations = (
				8150F40421E5D32100222A63 /* Debug */,
				8150F40521E5D32100222A63 /* Release */,
			);
			defaultConfigurationIsVisible = 0;
			defaultConfigurationName = Release;
		};
/* End XCConfigurationList section */
	};
	rootObject = 8150F3E521E5D31E00222A63 /* Project object */;
}
